
Microsoft Visual Studio Solution File, Format Version 12.00
# Visual Studio Version 16
VisualStudioVersion = 16.0.29911.84
MinimumVisualStudioVersion = 10.0.40219.1
Project("{FAE04EC0-301F-11D3-BF4B-00C04F79EFBC}") = "Website", "Website\Website.csproj", "{A4294E4F-9309-4A00-AF1D-FBB42911AF4A}"
EndProject
Project("{9A19103F-16F7-4668-BE54-9A1E7A4F7556}") = "Resources", "Resources\Resources.csproj", "{6794167A-6625-4BE8-90CF-2473B698ADEA}"
EndProject
Project("{2150E333-8FDC-42A3-9474-1A3956D46DE8}") = ".nuget", ".nuget", "{F790423A-A4AA-4D12-9A27-0782A25C0938}"
	ProjectSection(SolutionItems) = preProject
		.nuget\NuGet.Config = .nuget\NuGet.Config
		.nuget\NuGet.exe = .nuget\NuGet.exe
		.nuget\NuGet.targets = .nuget\NuGet.targets
	EndProjectSection
EndProject
Project("{9A19103F-16F7-4668-BE54-9A1E7A4F7556}") = "Security", "Security\Security.csproj", "{E725F7FD-732E-47AA-889E-DF9067790C9E}"
EndProject
Project("{9A19103F-16F7-4668-BE54-9A1E7A4F7556}") = "Website.Tests", "Test\Website.Tests\Website.Tests.csproj", "{B14C5447-82F6-4469-A3BD-A4AF459D9D8D}"
EndProject
Project("{9A19103F-16F7-4668-BE54-9A1E7A4F7556}") = "Data", "Data\Data.csproj", "{B5BE9BAE-F1EB-4F71-9048-297D61A21DA6}"
EndProject
Project("{9A19103F-16F7-4668-BE54-9A1E7A4F7556}") = "Business", "Business\Business.csproj", "{B8047269-0DAA-4480-91DC-AE368A78BED2}"
EndProject
Project("{9A19103F-16F7-4668-BE54-9A1E7A4F7556}") = "Business.Tests", "Test\Business.Tests\Business.Tests.csproj", "{D84A4224-7219-4A66-9EF0-DFB39EDD99B9}"
EndProject
Project("{2150E333-8FDC-42A3-9474-1A3956D46DE8}") = "1. Data", "1. Data", "{EB360433-4585-4F45-A251-CF3D433BEBF7}"
EndProject
Project("{2150E333-8FDC-42A3-9474-1A3956D46DE8}") = "2. Business", "2. Business", "{23D6B314-E038-409F-A379-3B2921201676}"
EndProject
Project("{2150E333-8FDC-42A3-9474-1A3956D46DE8}") = "0. Shared", "0. Shared", "{D69F1E63-165F-49D0-BF42-36787AB3CB8E}"
EndProject
Global
	GlobalSection(SolutionConfigurationPlatforms) = preSolution
		Debug|Any CPU = Debug|Any CPU
		Release|Any CPU = Release|Any CPU
		Test|Any CPU = Test|Any CPU
	EndGlobalSection
	GlobalSection(ProjectConfigurationPlatforms) = postSolution
		{A4294E4F-9309-4A00-AF1D-FBB42911AF4A}.Debug|Any CPU.ActiveCfg = Debug|Any CPU
		{A4294E4F-9309-4A00-AF1D-FBB42911AF4A}.Debug|Any CPU.Build.0 = Debug|Any CPU
		{A4294E4F-9309-4A00-AF1D-FBB42911AF4A}.Release|Any CPU.ActiveCfg = Release|Any CPU
		{A4294E4F-9309-4A00-AF1D-FBB42911AF4A}.Release|Any CPU.Build.0 = Release|Any CPU
		{A4294E4F-9309-4A00-AF1D-FBB42911AF4A}.Test|Any CPU.ActiveCfg = Test|Any CPU
		{A4294E4F-9309-4A00-AF1D-FBB42911AF4A}.Test|Any CPU.Build.0 = Test|Any CPU
		{6794167A-6625-4BE8-90CF-2473B698ADEA}.Debug|Any CPU.ActiveCfg = Debug|Any CPU
		{6794167A-6625-4BE8-90CF-2473B698ADEA}.Debug|Any CPU.Build.0 = Debug|Any CPU
		{6794167A-6625-4BE8-90CF-2473B698ADEA}.Release|Any CPU.ActiveCfg = Release|Any CPU
		{6794167A-6625-4BE8-90CF-2473B698ADEA}.Release|Any CPU.Build.0 = Release|Any CPU
		{6794167A-6625-4BE8-90CF-2473B698ADEA}.Test|Any CPU.ActiveCfg = Release|Any CPU
		{6794167A-6625-4BE8-90CF-2473B698ADEA}.Test|Any CPU.Build.0 = Release|Any CPU
		{E725F7FD-732E-47AA-889E-DF9067790C9E}.Debug|Any CPU.ActiveCfg = Debug|Any CPU
		{E725F7FD-732E-47AA-889E-DF9067790C9E}.Debug|Any CPU.Build.0 = Debug|Any CPU
		{E725F7FD-732E-47AA-889E-DF9067790C9E}.Release|Any CPU.ActiveCfg = Release|Any CPU
		{E725F7FD-732E-47AA-889E-DF9067790C9E}.Release|Any CPU.Build.0 = Release|Any CPU
		{E725F7FD-732E-47AA-889E-DF9067790C9E}.Test|Any CPU.ActiveCfg = Release|Any CPU
		{E725F7FD-732E-47AA-889E-DF9067790C9E}.Test|Any CPU.Build.0 = Release|Any CPU
		{B14C5447-82F6-4469-A3BD-A4AF459D9D8D}.Debug|Any CPU.ActiveCfg = Debug|Any CPU
		{B14C5447-82F6-4469-A3BD-A4AF459D9D8D}.Debug|Any CPU.Build.0 = Debug|Any CPU
		{B14C5447-82F6-4469-A3BD-A4AF459D9D8D}.Release|Any CPU.ActiveCfg = Release|Any CPU
		{B14C5447-82F6-4469-A3BD-A4AF459D9D8D}.Release|Any CPU.Build.0 = Release|Any CPU
		{B14C5447-82F6-4469-A3BD-A4AF459D9D8D}.Release|Any CPU.Deploy.0 = Release|Any CPU
		{B14C5447-82F6-4469-A3BD-A4AF459D9D8D}.Test|Any CPU.ActiveCfg = Release|Any CPU
		{B14C5447-82F6-4469-A3BD-A4AF459D9D8D}.Test|Any CPU.Build.0 = Release|Any CPU
		{B5BE9BAE-F1EB-4F71-9048-297D61A21DA6}.Debug|Any CPU.ActiveCfg = Debug|Any CPU
		{B5BE9BAE-F1EB-4F71-9048-297D61A21DA6}.Debug|Any CPU.Build.0 = Debug|Any CPU
		{B5BE9BAE-F1EB-4F71-9048-297D61A21DA6}.Release|Any CPU.ActiveCfg = Release|Any CPU
		{B5BE9BAE-F1EB-4F71-9048-297D61A21DA6}.Release|Any CPU.Build.0 = Release|Any CPU
		{B5BE9BAE-F1EB-4F71-9048-297D61A21DA6}.Test|Any CPU.ActiveCfg = Release|Any CPU
		{B5BE9BAE-F1EB-4F71-9048-297D61A21DA6}.Test|Any CPU.Build.0 = Release|Any CPU
		{B8047269-0DAA-4480-91DC-AE368A78BED2}.Debug|Any CPU.ActiveCfg = Debug|Any CPU
		{B8047269-0DAA-4480-91DC-AE368A78BED2}.Debug|Any CPU.Build.0 = Debug|Any CPU
		{B8047269-0DAA-4480-91DC-AE368A78BED2}.Release|Any CPU.ActiveCfg = Release|Any CPU
		{B8047269-0DAA-4480-91DC-AE368A78BED2}.Release|Any CPU.Build.0 = Release|Any CPU
		{B8047269-0DAA-4480-91DC-AE368A78BED2}.Test|Any CPU.ActiveCfg = Release|Any CPU
		{B8047269-0DAA-4480-91DC-AE368A78BED2}.Test|Any CPU.Build.0 = Release|Any CPU
		{D84A4224-7219-4A66-9EF0-DFB39EDD99B9}.Debug|Any CPU.ActiveCfg = Debug|Any CPU
		{D84A4224-7219-4A66-9EF0-DFB39EDD99B9}.Debug|Any CPU.Build.0 = Debug|Any CPU
		{D84A4224-7219-4A66-9EF0-DFB39EDD99B9}.Release|Any CPU.ActiveCfg = Release|Any CPU
		{D84A4224-7219-4A66-9EF0-DFB39EDD99B9}.Release|Any CPU.Build.0 = Release|Any CPU
		{D84A4224-7219-4A66-9EF0-DFB39EDD99B9}.Test|Any CPU.ActiveCfg = Release|Any CPU
		{D84A4224-7219-4A66-9EF0-DFB39EDD99B9}.Test|Any CPU.Build.0 = Release|Any CPU
	EndGlobalSection
	GlobalSection(SolutionProperties) = preSolution
		HideSolutionNode = FALSE
	EndGlobalSection
	GlobalSection(NestedProjects) = preSolution
		{6794167A-6625-4BE8-90CF-2473B698ADEA} = {D69F1E63-165F-49D0-BF42-36787AB3CB8E}
		{E725F7FD-732E-47AA-889E-DF9067790C9E} = {23D6B314-E038-409F-A379-3B2921201676}
		{B5BE9BAE-F1EB-4F71-9048-297D61A21DA6} = {EB360433-4585-4F45-A251-CF3D433BEBF7}
		{B8047269-0DAA-4480-91DC-AE368A78BED2} = {23D6B314-E038-409F-A379-3B2921201676}
		{D84A4224-7219-4A66-9EF0-DFB39EDD99B9} = {23D6B314-E038-409F-A379-3B2921201676}
	EndGlobalSection
	GlobalSection(ExtensibilityGlobals) = postSolution
		SolutionGuid = {2A7CE37A-ABCD-445E-A048-3C05663FDB2D}
	EndGlobalSection
EndGlobal
