
Microsoft Visual Studio Solution File, Format Version 12.00
# Visual Studio Version 16
VisualStudioVersion = 16.0.29911.84
MinimumVisualStudioVersion = 10.0.40219.1
Project("{FAE04EC0-301F-11D3-BF4B-00C04F79EFBC}") = "Website", "Website\Website.csproj", "{A4294E4F-9309-4A00-AF1D-FBB42911AF4A}"
EndProject
Project("{FAE04EC0-301F-11D3-BF4B-00C04F79EFBC}") = "Resources", "Resources\Resources.csproj", "{6794167A-6625-4BE8-90CF-2473B698ADEA}"
EndProject
Project("{2150E333-8FDC-42A3-9474-1A3956D46DE8}") = ".nuget", ".nuget", "{F790423A-A4AA-4D12-9A27-0782A25C0938}"
	ProjectSection(SolutionItems) = preProject
		.nuget\NuGet.Config = .nuget\NuGet.Config
		.nuget\NuGet.exe = .nuget\NuGet.exe
		.nuget\NuGet.targets = .nuget\NuGet.targets
	EndProjectSection
EndProject
Project("{FAE04EC0-301F-11D3-BF4B-00C04F79EFBC}") = "WebAPI", "WebAPI\WebAPI.csproj", "{9B4123F4-71F2-4282-B495-17A0964102E7}"
EndProject
Project("{FAE04EC0-301F-11D3-BF4B-00C04F79EFBC}") = "Security", "Security\Security.csproj", "{E725F7FD-732E-47AA-889E-DF9067790C9E}"
EndProject
Project("{FAE04EC0-301F-11D3-BF4B-00C04F79EFBC}") = "Website.Tests", "Test\Website.Tests\Website.Tests.csproj", "{B14C5447-82F6-4469-A3BD-A4AF459D9D8D}"
EndProject
Project("{FAE04EC0-301F-11D3-BF4B-00C04F79EFBC}") = "Data", "Data\Data.csproj", "{B5BE9BAE-F1EB-4F71-9048-297D61A21DA6}"
EndProject
Project("{2150E333-8FDC-42A3-9474-1A3956D46DE8}") = "4. Website", "4. Website", "{79D77982-B55E-46B5-AD4C-6319FF4AA7E4}"
EndProject
Project("{FAE04EC0-301F-11D3-BF4B-00C04F79EFBC}") = "Data.Tests", "Test\Data.Tests\Data.Tests.csproj", "{70699B8B-687E-4FE9-9DAF-F624B375B8CC}"
EndProject
Project("{FAE04EC0-301F-11D3-BF4B-00C04F79EFBC}") = "Business", "Business\Business.csproj", "{B8047269-0DAA-4480-91DC-AE368A78BED2}"
EndProject
Project("{9A19103F-16F7-4668-BE54-9A1E7A4F7556}") = "Business.Tests", "Test\Business.Tests\Business.Tests.csproj", "{D84A4224-7219-4A66-9EF0-DFB39EDD99B9}"
EndProject
Project("{2150E333-8FDC-42A3-9474-1A3956D46DE8}") = "1. Data", "1. Data", "{EB360433-4585-4F45-A251-CF3D433BEBF7}"
EndProject
Project("{2150E333-8FDC-42A3-9474-1A3956D46DE8}") = "2. Business", "2. Business", "{23D6B314-E038-409F-A379-3B2921201676}"
EndProject
Project("{2150E333-8FDC-42A3-9474-1A3956D46DE8}") = "3. API", "3. API", "{06022A00-A71A-484A-B922-AA2ED9F4FA32}"
EndProject
Project("{FAE04EC0-301F-11D3-BF4B-00C04F79EFBC}") = "PrekenWeb.Data.Migrations", "Data.Migrations\PrekenWeb.Data.Migrations.csproj", "{E01941FF-1E11-4567-A079-FDA6D1F3CD0C}"
EndProject
Project("{2150E333-8FDC-42A3-9474-1A3956D46DE8}") = "0. Shared", "0. Shared", "{D69F1E63-165F-49D0-BF42-36787AB3CB8E}"
EndProject
Global
	GlobalSection(SolutionConfigurationPlatforms) = preSolution
		Debug|Any CPU = Debug|Any CPU
		Debug|iPhone = Debug|iPhone
		Debug|iPhoneSimulator = Debug|iPhoneSimulator
		Debug|x86 = Debug|x86
		Mobile|Any CPU = Mobile|Any CPU
		Mobile|iPhone = Mobile|iPhone
		Mobile|iPhoneSimulator = Mobile|iPhoneSimulator
		Mobile|x86 = Mobile|x86
		Release|Any CPU = Release|Any CPU
		Release|iPhone = Release|iPhone
		Release|iPhoneSimulator = Release|iPhoneSimulator
		Release|x86 = Release|x86
		Test|Any CPU = Test|Any CPU
		Test|iPhone = Test|iPhone
		Test|iPhoneSimulator = Test|iPhoneSimulator
		Test|x86 = Test|x86
	EndGlobalSection
	GlobalSection(ProjectConfigurationPlatforms) = postSolution
		{A4294E4F-9309-4A00-AF1D-FBB42911AF4A}.Debug|Any CPU.ActiveCfg = Debug|Any CPU
		{A4294E4F-9309-4A00-AF1D-FBB42911AF4A}.Debug|Any CPU.Build.0 = Debug|Any CPU
		{A4294E4F-9309-4A00-AF1D-FBB42911AF4A}.Debug|iPhone.ActiveCfg = Release|Any CPU
		{A4294E4F-9309-4A00-AF1D-FBB42911AF4A}.Debug|iPhone.Build.0 = Release|Any CPU
		{A4294E4F-9309-4A00-AF1D-FBB42911AF4A}.Debug|iPhoneSimulator.ActiveCfg = Release|Any CPU
		{A4294E4F-9309-4A00-AF1D-FBB42911AF4A}.Debug|iPhoneSimulator.Build.0 = Release|Any CPU
		{A4294E4F-9309-4A00-AF1D-FBB42911AF4A}.Debug|x86.ActiveCfg = Release|Any CPU
		{A4294E4F-9309-4A00-AF1D-FBB42911AF4A}.Debug|x86.Build.0 = Release|Any CPU
		{A4294E4F-9309-4A00-AF1D-FBB42911AF4A}.Mobile|Any CPU.ActiveCfg = Test|Any CPU
		{A4294E4F-9309-4A00-AF1D-FBB42911AF4A}.Mobile|iPhone.ActiveCfg = Test|Any CPU
		{A4294E4F-9309-4A00-AF1D-FBB42911AF4A}.Mobile|iPhoneSimulator.ActiveCfg = Test|Any CPU
		{A4294E4F-9309-4A00-AF1D-FBB42911AF4A}.Mobile|x86.ActiveCfg = Test|Any CPU
		{A4294E4F-9309-4A00-AF1D-FBB42911AF4A}.Release|Any CPU.ActiveCfg = Release|Any CPU
		{A4294E4F-9309-4A00-AF1D-FBB42911AF4A}.Release|Any CPU.Build.0 = Release|Any CPU
		{A4294E4F-9309-4A00-AF1D-FBB42911AF4A}.Release|iPhone.ActiveCfg = Release|Any CPU
		{A4294E4F-9309-4A00-AF1D-FBB42911AF4A}.Release|iPhoneSimulator.ActiveCfg = Release|Any CPU
		{A4294E4F-9309-4A00-AF1D-FBB42911AF4A}.Release|x86.ActiveCfg = Release|Any CPU
		{A4294E4F-9309-4A00-AF1D-FBB42911AF4A}.Release|x86.Build.0 = Release|Any CPU
		{A4294E4F-9309-4A00-AF1D-FBB42911AF4A}.Test|Any CPU.ActiveCfg = Test|Any CPU
		{A4294E4F-9309-4A00-AF1D-FBB42911AF4A}.Test|Any CPU.Build.0 = Test|Any CPU
		{A4294E4F-9309-4A00-AF1D-FBB42911AF4A}.Test|iPhone.ActiveCfg = Test|Any CPU
		{A4294E4F-9309-4A00-AF1D-FBB42911AF4A}.Test|iPhoneSimulator.ActiveCfg = Test|Any CPU
		{A4294E4F-9309-4A00-AF1D-FBB42911AF4A}.Test|x86.ActiveCfg = Test|Any CPU
		{6794167A-6625-4BE8-90CF-2473B698ADEA}.Debug|Any CPU.ActiveCfg = Debug|Any CPU
		{6794167A-6625-4BE8-90CF-2473B698ADEA}.Debug|Any CPU.Build.0 = Debug|Any CPU
		{6794167A-6625-4BE8-90CF-2473B698ADEA}.Debug|iPhone.ActiveCfg = Release|Any CPU
		{6794167A-6625-4BE8-90CF-2473B698ADEA}.Debug|iPhone.Build.0 = Release|Any CPU
		{6794167A-6625-4BE8-90CF-2473B698ADEA}.Debug|iPhoneSimulator.ActiveCfg = Release|Any CPU
		{6794167A-6625-4BE8-90CF-2473B698ADEA}.Debug|iPhoneSimulator.Build.0 = Release|Any CPU
		{6794167A-6625-4BE8-90CF-2473B698ADEA}.Debug|x86.ActiveCfg = Release|Any CPU
		{6794167A-6625-4BE8-90CF-2473B698ADEA}.Debug|x86.Build.0 = Release|Any CPU
		{6794167A-6625-4BE8-90CF-2473B698ADEA}.Mobile|Any CPU.ActiveCfg = Release|Any CPU
		{6794167A-6625-4BE8-90CF-2473B698ADEA}.Mobile|Any CPU.Build.0 = Release|Any CPU
		{6794167A-6625-4BE8-90CF-2473B698ADEA}.Mobile|iPhone.ActiveCfg = Release|Any CPU
		{6794167A-6625-4BE8-90CF-2473B698ADEA}.Mobile|iPhone.Build.0 = Release|Any CPU
		{6794167A-6625-4BE8-90CF-2473B698ADEA}.Mobile|iPhoneSimulator.ActiveCfg = Release|Any CPU
		{6794167A-6625-4BE8-90CF-2473B698ADEA}.Mobile|iPhoneSimulator.Build.0 = Release|Any CPU
		{6794167A-6625-4BE8-90CF-2473B698ADEA}.Mobile|x86.ActiveCfg = Release|Any CPU
		{6794167A-6625-4BE8-90CF-2473B698ADEA}.Mobile|x86.Build.0 = Release|Any CPU
		{6794167A-6625-4BE8-90CF-2473B698ADEA}.Release|Any CPU.ActiveCfg = Release|Any CPU
		{6794167A-6625-4BE8-90CF-2473B698ADEA}.Release|Any CPU.Build.0 = Release|Any CPU
		{6794167A-6625-4BE8-90CF-2473B698ADEA}.Release|iPhone.ActiveCfg = Release|Any CPU
		{6794167A-6625-4BE8-90CF-2473B698ADEA}.Release|iPhoneSimulator.ActiveCfg = Release|Any CPU
		{6794167A-6625-4BE8-90CF-2473B698ADEA}.Release|x86.ActiveCfg = Release|Any CPU
		{6794167A-6625-4BE8-90CF-2473B698ADEA}.Release|x86.Build.0 = Release|Any CPU
		{6794167A-6625-4BE8-90CF-2473B698ADEA}.Test|Any CPU.ActiveCfg = Release|Any CPU
		{6794167A-6625-4BE8-90CF-2473B698ADEA}.Test|Any CPU.Build.0 = Release|Any CPU
		{6794167A-6625-4BE8-90CF-2473B698ADEA}.Test|iPhone.ActiveCfg = Release|Any CPU
		{6794167A-6625-4BE8-90CF-2473B698ADEA}.Test|iPhone.Build.0 = Release|Any CPU
		{6794167A-6625-4BE8-90CF-2473B698ADEA}.Test|iPhoneSimulator.ActiveCfg = Release|Any CPU
		{6794167A-6625-4BE8-90CF-2473B698ADEA}.Test|iPhoneSimulator.Build.0 = Release|Any CPU
		{6794167A-6625-4BE8-90CF-2473B698ADEA}.Test|x86.ActiveCfg = Release|Any CPU
		{6794167A-6625-4BE8-90CF-2473B698ADEA}.Test|x86.Build.0 = Release|Any CPU
		{9B4123F4-71F2-4282-B495-17A0964102E7}.Debug|Any CPU.ActiveCfg = Debug|Any CPU
		{9B4123F4-71F2-4282-B495-17A0964102E7}.Debug|Any CPU.Build.0 = Debug|Any CPU
		{9B4123F4-71F2-4282-B495-17A0964102E7}.Debug|iPhone.ActiveCfg = Release|Any CPU
		{9B4123F4-71F2-4282-B495-17A0964102E7}.Debug|iPhone.Build.0 = Release|Any CPU
		{9B4123F4-71F2-4282-B495-17A0964102E7}.Debug|iPhoneSimulator.ActiveCfg = Release|Any CPU
		{9B4123F4-71F2-4282-B495-17A0964102E7}.Debug|iPhoneSimulator.Build.0 = Release|Any CPU
		{9B4123F4-71F2-4282-B495-17A0964102E7}.Debug|x86.ActiveCfg = Release|Any CPU
		{9B4123F4-71F2-4282-B495-17A0964102E7}.Debug|x86.Build.0 = Release|Any CPU
		{9B4123F4-71F2-4282-B495-17A0964102E7}.Mobile|Any CPU.ActiveCfg = Test|Any CPU
		{9B4123F4-71F2-4282-B495-17A0964102E7}.Mobile|iPhone.ActiveCfg = Test|Any CPU
		{9B4123F4-71F2-4282-B495-17A0964102E7}.Mobile|iPhoneSimulator.ActiveCfg = Test|Any CPU
		{9B4123F4-71F2-4282-B495-17A0964102E7}.Mobile|x86.ActiveCfg = Test|Any CPU
		{9B4123F4-71F2-4282-B495-17A0964102E7}.Release|Any CPU.ActiveCfg = Release|Any CPU
		{9B4123F4-71F2-4282-B495-17A0964102E7}.Release|Any CPU.Build.0 = Release|Any CPU
		{9B4123F4-71F2-4282-B495-17A0964102E7}.Release|Any CPU.Deploy.0 = Release|Any CPU
		{9B4123F4-71F2-4282-B495-17A0964102E7}.Release|iPhone.ActiveCfg = Release|Any CPU
		{9B4123F4-71F2-4282-B495-17A0964102E7}.Release|iPhoneSimulator.ActiveCfg = Release|Any CPU
		{9B4123F4-71F2-4282-B495-17A0964102E7}.Release|x86.ActiveCfg = Release|Any CPU
		{9B4123F4-71F2-4282-B495-17A0964102E7}.Test|Any CPU.ActiveCfg = Test|Any CPU
		{9B4123F4-71F2-4282-B495-17A0964102E7}.Test|Any CPU.Build.0 = Test|Any CPU
		{9B4123F4-71F2-4282-B495-17A0964102E7}.Test|iPhone.ActiveCfg = Test|Any CPU
		{9B4123F4-71F2-4282-B495-17A0964102E7}.Test|iPhoneSimulator.ActiveCfg = Test|Any CPU
		{9B4123F4-71F2-4282-B495-17A0964102E7}.Test|x86.ActiveCfg = Test|Any CPU
		{E725F7FD-732E-47AA-889E-DF9067790C9E}.Debug|Any CPU.ActiveCfg = Debug|Any CPU
		{E725F7FD-732E-47AA-889E-DF9067790C9E}.Debug|Any CPU.Build.0 = Debug|Any CPU
		{E725F7FD-732E-47AA-889E-DF9067790C9E}.Debug|iPhone.ActiveCfg = Release|Any CPU
		{E725F7FD-732E-47AA-889E-DF9067790C9E}.Debug|iPhone.Build.0 = Release|Any CPU
		{E725F7FD-732E-47AA-889E-DF9067790C9E}.Debug|iPhoneSimulator.ActiveCfg = Release|Any CPU
		{E725F7FD-732E-47AA-889E-DF9067790C9E}.Debug|iPhoneSimulator.Build.0 = Release|Any CPU
		{E725F7FD-732E-47AA-889E-DF9067790C9E}.Debug|x86.ActiveCfg = Release|Any CPU
		{E725F7FD-732E-47AA-889E-DF9067790C9E}.Debug|x86.Build.0 = Release|Any CPU
		{E725F7FD-732E-47AA-889E-DF9067790C9E}.Mobile|Any CPU.ActiveCfg = Release|Any CPU
		{E725F7FD-732E-47AA-889E-DF9067790C9E}.Mobile|Any CPU.Build.0 = Release|Any CPU
		{E725F7FD-732E-47AA-889E-DF9067790C9E}.Mobile|iPhone.ActiveCfg = Release|Any CPU
		{E725F7FD-732E-47AA-889E-DF9067790C9E}.Mobile|iPhone.Build.0 = Release|Any CPU
		{E725F7FD-732E-47AA-889E-DF9067790C9E}.Mobile|iPhoneSimulator.ActiveCfg = Release|Any CPU
		{E725F7FD-732E-47AA-889E-DF9067790C9E}.Mobile|iPhoneSimulator.Build.0 = Release|Any CPU
		{E725F7FD-732E-47AA-889E-DF9067790C9E}.Mobile|x86.ActiveCfg = Release|Any CPU
		{E725F7FD-732E-47AA-889E-DF9067790C9E}.Mobile|x86.Build.0 = Release|Any CPU
		{E725F7FD-732E-47AA-889E-DF9067790C9E}.Release|Any CPU.ActiveCfg = Release|Any CPU
		{E725F7FD-732E-47AA-889E-DF9067790C9E}.Release|Any CPU.Build.0 = Release|Any CPU
		{E725F7FD-732E-47AA-889E-DF9067790C9E}.Release|iPhone.ActiveCfg = Release|Any CPU
		{E725F7FD-732E-47AA-889E-DF9067790C9E}.Release|iPhoneSimulator.ActiveCfg = Release|Any CPU
		{E725F7FD-732E-47AA-889E-DF9067790C9E}.Release|x86.ActiveCfg = Release|Any CPU
		{E725F7FD-732E-47AA-889E-DF9067790C9E}.Test|Any CPU.ActiveCfg = Release|Any CPU
		{E725F7FD-732E-47AA-889E-DF9067790C9E}.Test|Any CPU.Build.0 = Release|Any CPU
		{E725F7FD-732E-47AA-889E-DF9067790C9E}.Test|iPhone.ActiveCfg = Release|Any CPU
		{E725F7FD-732E-47AA-889E-DF9067790C9E}.Test|iPhone.Build.0 = Release|Any CPU
		{E725F7FD-732E-47AA-889E-DF9067790C9E}.Test|iPhoneSimulator.ActiveCfg = Release|Any CPU
		{E725F7FD-732E-47AA-889E-DF9067790C9E}.Test|iPhoneSimulator.Build.0 = Release|Any CPU
		{E725F7FD-732E-47AA-889E-DF9067790C9E}.Test|x86.ActiveCfg = Release|Any CPU
		{E725F7FD-732E-47AA-889E-DF9067790C9E}.Test|x86.Build.0 = Release|Any CPU
		{B14C5447-82F6-4469-A3BD-A4AF459D9D8D}.Debug|Any CPU.ActiveCfg = Debug|Any CPU
		{B14C5447-82F6-4469-A3BD-A4AF459D9D8D}.Debug|Any CPU.Build.0 = Debug|Any CPU
		{B14C5447-82F6-4469-A3BD-A4AF459D9D8D}.Debug|iPhone.ActiveCfg = Release|Any CPU
		{B14C5447-82F6-4469-A3BD-A4AF459D9D8D}.Debug|iPhone.Build.0 = Release|Any CPU
		{B14C5447-82F6-4469-A3BD-A4AF459D9D8D}.Debug|iPhoneSimulator.ActiveCfg = Release|Any CPU
		{B14C5447-82F6-4469-A3BD-A4AF459D9D8D}.Debug|iPhoneSimulator.Build.0 = Release|Any CPU
		{B14C5447-82F6-4469-A3BD-A4AF459D9D8D}.Debug|x86.ActiveCfg = Release|Any CPU
		{B14C5447-82F6-4469-A3BD-A4AF459D9D8D}.Debug|x86.Build.0 = Release|Any CPU
		{B14C5447-82F6-4469-A3BD-A4AF459D9D8D}.Mobile|Any CPU.ActiveCfg = Test|Any CPU
		{B14C5447-82F6-4469-A3BD-A4AF459D9D8D}.Mobile|iPhone.ActiveCfg = Test|Any CPU
		{B14C5447-82F6-4469-A3BD-A4AF459D9D8D}.Mobile|iPhoneSimulator.ActiveCfg = Test|Any CPU
		{B14C5447-82F6-4469-A3BD-A4AF459D9D8D}.Mobile|x86.ActiveCfg = Test|Any CPU
		{B14C5447-82F6-4469-A3BD-A4AF459D9D8D}.Release|Any CPU.ActiveCfg = Release|Any CPU
		{B14C5447-82F6-4469-A3BD-A4AF459D9D8D}.Release|Any CPU.Build.0 = Release|Any CPU
		{B14C5447-82F6-4469-A3BD-A4AF459D9D8D}.Release|Any CPU.Deploy.0 = Release|Any CPU
		{B14C5447-82F6-4469-A3BD-A4AF459D9D8D}.Release|iPhone.ActiveCfg = Release|Any CPU
		{B14C5447-82F6-4469-A3BD-A4AF459D9D8D}.Release|iPhoneSimulator.ActiveCfg = Release|Any CPU
		{B14C5447-82F6-4469-A3BD-A4AF459D9D8D}.Release|x86.ActiveCfg = Release|Any CPU
		{B14C5447-82F6-4469-A3BD-A4AF459D9D8D}.Test|Any CPU.ActiveCfg = Test|Any CPU
		{B14C5447-82F6-4469-A3BD-A4AF459D9D8D}.Test|Any CPU.Build.0 = Test|Any CPU
		{B14C5447-82F6-4469-A3BD-A4AF459D9D8D}.Test|iPhone.ActiveCfg = Test|Any CPU
		{B14C5447-82F6-4469-A3BD-A4AF459D9D8D}.Test|iPhoneSimulator.ActiveCfg = Test|Any CPU
		{B14C5447-82F6-4469-A3BD-A4AF459D9D8D}.Test|x86.ActiveCfg = Test|Any CPU
		{B5BE9BAE-F1EB-4F71-9048-297D61A21DA6}.Debug|Any CPU.ActiveCfg = Debug|Any CPU
		{B5BE9BAE-F1EB-4F71-9048-297D61A21DA6}.Debug|Any CPU.Build.0 = Debug|Any CPU
		{B5BE9BAE-F1EB-4F71-9048-297D61A21DA6}.Debug|iPhone.ActiveCfg = Test|Any CPU
		{B5BE9BAE-F1EB-4F71-9048-297D61A21DA6}.Debug|iPhone.Build.0 = Test|Any CPU
		{B5BE9BAE-F1EB-4F71-9048-297D61A21DA6}.Debug|iPhoneSimulator.ActiveCfg = Test|Any CPU
		{B5BE9BAE-F1EB-4F71-9048-297D61A21DA6}.Debug|iPhoneSimulator.Build.0 = Test|Any CPU
		{B5BE9BAE-F1EB-4F71-9048-297D61A21DA6}.Debug|x86.ActiveCfg = Test|Any CPU
		{B5BE9BAE-F1EB-4F71-9048-297D61A21DA6}.Debug|x86.Build.0 = Test|Any CPU
		{B5BE9BAE-F1EB-4F71-9048-297D61A21DA6}.Mobile|Any CPU.ActiveCfg = Test|Any CPU
		{B5BE9BAE-F1EB-4F71-9048-297D61A21DA6}.Mobile|iPhone.ActiveCfg = Test|Any CPU
		{B5BE9BAE-F1EB-4F71-9048-297D61A21DA6}.Mobile|iPhoneSimulator.ActiveCfg = Test|Any CPU
		{B5BE9BAE-F1EB-4F71-9048-297D61A21DA6}.Mobile|x86.ActiveCfg = Release|Any CPU
		{B5BE9BAE-F1EB-4F71-9048-297D61A21DA6}.Release|Any CPU.ActiveCfg = Release|Any CPU
		{B5BE9BAE-F1EB-4F71-9048-297D61A21DA6}.Release|Any CPU.Build.0 = Release|Any CPU
		{B5BE9BAE-F1EB-4F71-9048-297D61A21DA6}.Release|iPhone.ActiveCfg = Release|Any CPU
		{B5BE9BAE-F1EB-4F71-9048-297D61A21DA6}.Release|iPhoneSimulator.ActiveCfg = Release|Any CPU
		{B5BE9BAE-F1EB-4F71-9048-297D61A21DA6}.Release|x86.ActiveCfg = Release|Any CPU
		{B5BE9BAE-F1EB-4F71-9048-297D61A21DA6}.Test|Any CPU.ActiveCfg = Test|Any CPU
		{B5BE9BAE-F1EB-4F71-9048-297D61A21DA6}.Test|Any CPU.Build.0 = Test|Any CPU
		{B5BE9BAE-F1EB-4F71-9048-297D61A21DA6}.Test|iPhone.ActiveCfg = Test|Any CPU
		{B5BE9BAE-F1EB-4F71-9048-297D61A21DA6}.Test|iPhoneSimulator.ActiveCfg = Test|Any CPU
		{B5BE9BAE-F1EB-4F71-9048-297D61A21DA6}.Test|x86.ActiveCfg = Release|Any CPU
		{70699B8B-687E-4FE9-9DAF-F624B375B8CC}.Debug|Any CPU.ActiveCfg = Debug|Any CPU
		{70699B8B-687E-4FE9-9DAF-F624B375B8CC}.Debug|Any CPU.Build.0 = Debug|Any CPU
		{70699B8B-687E-4FE9-9DAF-F624B375B8CC}.Debug|iPhone.ActiveCfg = Debug|Any CPU
		{70699B8B-687E-4FE9-9DAF-F624B375B8CC}.Debug|iPhone.Build.0 = Debug|Any CPU
		{70699B8B-687E-4FE9-9DAF-F624B375B8CC}.Debug|iPhoneSimulator.ActiveCfg = Debug|Any CPU
		{70699B8B-687E-4FE9-9DAF-F624B375B8CC}.Debug|iPhoneSimulator.Build.0 = Debug|Any CPU
		{70699B8B-687E-4FE9-9DAF-F624B375B8CC}.Debug|x86.ActiveCfg = Debug|Any CPU
		{70699B8B-687E-4FE9-9DAF-F624B375B8CC}.Debug|x86.Build.0 = Debug|Any CPU
		{70699B8B-687E-4FE9-9DAF-F624B375B8CC}.Mobile|Any CPU.ActiveCfg = Release|Any CPU
		{70699B8B-687E-4FE9-9DAF-F624B375B8CC}.Mobile|Any CPU.Build.0 = Release|Any CPU
		{70699B8B-687E-4FE9-9DAF-F624B375B8CC}.Mobile|iPhone.ActiveCfg = Release|Any CPU
		{70699B8B-687E-4FE9-9DAF-F624B375B8CC}.Mobile|iPhone.Build.0 = Release|Any CPU
		{70699B8B-687E-4FE9-9DAF-F624B375B8CC}.Mobile|iPhoneSimulator.ActiveCfg = Release|Any CPU
		{70699B8B-687E-4FE9-9DAF-F624B375B8CC}.Mobile|iPhoneSimulator.Build.0 = Release|Any CPU
		{70699B8B-687E-4FE9-9DAF-F624B375B8CC}.Mobile|x86.ActiveCfg = Release|Any CPU
		{70699B8B-687E-4FE9-9DAF-F624B375B8CC}.Mobile|x86.Build.0 = Release|Any CPU
		{70699B8B-687E-4FE9-9DAF-F624B375B8CC}.Release|Any CPU.ActiveCfg = Release|Any CPU
		{70699B8B-687E-4FE9-9DAF-F624B375B8CC}.Release|Any CPU.Build.0 = Release|Any CPU
		{70699B8B-687E-4FE9-9DAF-F624B375B8CC}.Release|iPhone.ActiveCfg = Release|Any CPU
		{70699B8B-687E-4FE9-9DAF-F624B375B8CC}.Release|iPhone.Build.0 = Release|Any CPU
		{70699B8B-687E-4FE9-9DAF-F624B375B8CC}.Release|iPhoneSimulator.ActiveCfg = Release|Any CPU
		{70699B8B-687E-4FE9-9DAF-F624B375B8CC}.Release|iPhoneSimulator.Build.0 = Release|Any CPU
		{70699B8B-687E-4FE9-9DAF-F624B375B8CC}.Release|x86.ActiveCfg = Release|Any CPU
		{70699B8B-687E-4FE9-9DAF-F624B375B8CC}.Release|x86.Build.0 = Release|Any CPU
		{70699B8B-687E-4FE9-9DAF-F624B375B8CC}.Test|Any CPU.ActiveCfg = Release|Any CPU
		{70699B8B-687E-4FE9-9DAF-F624B375B8CC}.Test|Any CPU.Build.0 = Release|Any CPU
		{70699B8B-687E-4FE9-9DAF-F624B375B8CC}.Test|iPhone.ActiveCfg = Release|Any CPU
		{70699B8B-687E-4FE9-9DAF-F624B375B8CC}.Test|iPhone.Build.0 = Release|Any CPU
		{70699B8B-687E-4FE9-9DAF-F624B375B8CC}.Test|iPhoneSimulator.ActiveCfg = Release|Any CPU
		{70699B8B-687E-4FE9-9DAF-F624B375B8CC}.Test|iPhoneSimulator.Build.0 = Release|Any CPU
		{70699B8B-687E-4FE9-9DAF-F624B375B8CC}.Test|x86.ActiveCfg = Release|Any CPU
		{70699B8B-687E-4FE9-9DAF-F624B375B8CC}.Test|x86.Build.0 = Release|Any CPU
		{B8047269-0DAA-4480-91DC-AE368A78BED2}.Debug|Any CPU.ActiveCfg = Debug|Any CPU
		{B8047269-0DAA-4480-91DC-AE368A78BED2}.Debug|Any CPU.Build.0 = Debug|Any CPU
		{B8047269-0DAA-4480-91DC-AE368A78BED2}.Debug|iPhone.ActiveCfg = Debug|Any CPU
		{B8047269-0DAA-4480-91DC-AE368A78BED2}.Debug|iPhone.Build.0 = Debug|Any CPU
		{B8047269-0DAA-4480-91DC-AE368A78BED2}.Debug|iPhoneSimulator.ActiveCfg = Debug|Any CPU
		{B8047269-0DAA-4480-91DC-AE368A78BED2}.Debug|iPhoneSimulator.Build.0 = Debug|Any CPU
		{B8047269-0DAA-4480-91DC-AE368A78BED2}.Debug|x86.ActiveCfg = Debug|Any CPU
		{B8047269-0DAA-4480-91DC-AE368A78BED2}.Debug|x86.Build.0 = Debug|Any CPU
		{B8047269-0DAA-4480-91DC-AE368A78BED2}.Mobile|Any CPU.ActiveCfg = Release|Any CPU
		{B8047269-0DAA-4480-91DC-AE368A78BED2}.Mobile|Any CPU.Build.0 = Release|Any CPU
		{B8047269-0DAA-4480-91DC-AE368A78BED2}.Mobile|iPhone.ActiveCfg = Release|Any CPU
		{B8047269-0DAA-4480-91DC-AE368A78BED2}.Mobile|iPhone.Build.0 = Release|Any CPU
		{B8047269-0DAA-4480-91DC-AE368A78BED2}.Mobile|iPhoneSimulator.ActiveCfg = Release|Any CPU
		{B8047269-0DAA-4480-91DC-AE368A78BED2}.Mobile|iPhoneSimulator.Build.0 = Release|Any CPU
		{B8047269-0DAA-4480-91DC-AE368A78BED2}.Mobile|x86.ActiveCfg = Release|Any CPU
		{B8047269-0DAA-4480-91DC-AE368A78BED2}.Mobile|x86.Build.0 = Release|Any CPU
		{B8047269-0DAA-4480-91DC-AE368A78BED2}.Release|Any CPU.ActiveCfg = Release|Any CPU
		{B8047269-0DAA-4480-91DC-AE368A78BED2}.Release|Any CPU.Build.0 = Release|Any CPU
		{B8047269-0DAA-4480-91DC-AE368A78BED2}.Release|iPhone.ActiveCfg = Release|Any CPU
		{B8047269-0DAA-4480-91DC-AE368A78BED2}.Release|iPhone.Build.0 = Release|Any CPU
		{B8047269-0DAA-4480-91DC-AE368A78BED2}.Release|iPhoneSimulator.ActiveCfg = Release|Any CPU
		{B8047269-0DAA-4480-91DC-AE368A78BED2}.Release|iPhoneSimulator.Build.0 = Release|Any CPU
		{B8047269-0DAA-4480-91DC-AE368A78BED2}.Release|x86.ActiveCfg = Release|Any CPU
		{B8047269-0DAA-4480-91DC-AE368A78BED2}.Release|x86.Build.0 = Release|Any CPU
		{B8047269-0DAA-4480-91DC-AE368A78BED2}.Test|Any CPU.ActiveCfg = Release|Any CPU
		{B8047269-0DAA-4480-91DC-AE368A78BED2}.Test|Any CPU.Build.0 = Release|Any CPU
		{B8047269-0DAA-4480-91DC-AE368A78BED2}.Test|iPhone.ActiveCfg = Release|Any CPU
		{B8047269-0DAA-4480-91DC-AE368A78BED2}.Test|iPhone.Build.0 = Release|Any CPU
		{B8047269-0DAA-4480-91DC-AE368A78BED2}.Test|iPhoneSimulator.ActiveCfg = Release|Any CPU
		{B8047269-0DAA-4480-91DC-AE368A78BED2}.Test|iPhoneSimulator.Build.0 = Release|Any CPU
		{B8047269-0DAA-4480-91DC-AE368A78BED2}.Test|x86.ActiveCfg = Release|Any CPU
		{B8047269-0DAA-4480-91DC-AE368A78BED2}.Test|x86.Build.0 = Release|Any CPU
		{D84A4224-7219-4A66-9EF0-DFB39EDD99B9}.Debug|Any CPU.ActiveCfg = Debug|Any CPU
		{D84A4224-7219-4A66-9EF0-DFB39EDD99B9}.Debug|Any CPU.Build.0 = Debug|Any CPU
		{D84A4224-7219-4A66-9EF0-DFB39EDD99B9}.Debug|iPhone.ActiveCfg = Debug|Any CPU
		{D84A4224-7219-4A66-9EF0-DFB39EDD99B9}.Debug|iPhone.Build.0 = Debug|Any CPU
		{D84A4224-7219-4A66-9EF0-DFB39EDD99B9}.Debug|iPhoneSimulator.ActiveCfg = Debug|Any CPU
		{D84A4224-7219-4A66-9EF0-DFB39EDD99B9}.Debug|iPhoneSimulator.Build.0 = Debug|Any CPU
		{D84A4224-7219-4A66-9EF0-DFB39EDD99B9}.Debug|x86.ActiveCfg = Debug|Any CPU
		{D84A4224-7219-4A66-9EF0-DFB39EDD99B9}.Debug|x86.Build.0 = Debug|Any CPU
		{D84A4224-7219-4A66-9EF0-DFB39EDD99B9}.Mobile|Any CPU.ActiveCfg = Release|Any CPU
		{D84A4224-7219-4A66-9EF0-DFB39EDD99B9}.Mobile|Any CPU.Build.0 = Release|Any CPU
		{D84A4224-7219-4A66-9EF0-DFB39EDD99B9}.Mobile|iPhone.ActiveCfg = Release|Any CPU
		{D84A4224-7219-4A66-9EF0-DFB39EDD99B9}.Mobile|iPhone.Build.0 = Release|Any CPU
		{D84A4224-7219-4A66-9EF0-DFB39EDD99B9}.Mobile|iPhoneSimulator.ActiveCfg = Release|Any CPU
		{D84A4224-7219-4A66-9EF0-DFB39EDD99B9}.Mobile|iPhoneSimulator.Build.0 = Release|Any CPU
		{D84A4224-7219-4A66-9EF0-DFB39EDD99B9}.Mobile|x86.ActiveCfg = Release|Any CPU
		{D84A4224-7219-4A66-9EF0-DFB39EDD99B9}.Mobile|x86.Build.0 = Release|Any CPU
		{D84A4224-7219-4A66-9EF0-DFB39EDD99B9}.Release|Any CPU.ActiveCfg = Release|Any CPU
		{D84A4224-7219-4A66-9EF0-DFB39EDD99B9}.Release|Any CPU.Build.0 = Release|Any CPU
		{D84A4224-7219-4A66-9EF0-DFB39EDD99B9}.Release|iPhone.ActiveCfg = Release|Any CPU
		{D84A4224-7219-4A66-9EF0-DFB39EDD99B9}.Release|iPhone.Build.0 = Release|Any CPU
		{D84A4224-7219-4A66-9EF0-DFB39EDD99B9}.Release|iPhoneSimulator.ActiveCfg = Release|Any CPU
		{D84A4224-7219-4A66-9EF0-DFB39EDD99B9}.Release|iPhoneSimulator.Build.0 = Release|Any CPU
		{D84A4224-7219-4A66-9EF0-DFB39EDD99B9}.Release|x86.ActiveCfg = Release|Any CPU
		{D84A4224-7219-4A66-9EF0-DFB39EDD99B9}.Release|x86.Build.0 = Release|Any CPU
		{D84A4224-7219-4A66-9EF0-DFB39EDD99B9}.Test|Any CPU.ActiveCfg = Release|Any CPU
		{D84A4224-7219-4A66-9EF0-DFB39EDD99B9}.Test|Any CPU.Build.0 = Release|Any CPU
		{D84A4224-7219-4A66-9EF0-DFB39EDD99B9}.Test|iPhone.ActiveCfg = Release|Any CPU
		{D84A4224-7219-4A66-9EF0-DFB39EDD99B9}.Test|iPhone.Build.0 = Release|Any CPU
		{D84A4224-7219-4A66-9EF0-DFB39EDD99B9}.Test|iPhoneSimulator.ActiveCfg = Release|Any CPU
		{D84A4224-7219-4A66-9EF0-DFB39EDD99B9}.Test|iPhoneSimulator.Build.0 = Release|Any CPU
		{D84A4224-7219-4A66-9EF0-DFB39EDD99B9}.Test|x86.ActiveCfg = Release|Any CPU
		{D84A4224-7219-4A66-9EF0-DFB39EDD99B9}.Test|x86.Build.0 = Release|Any CPU
		{E01941FF-1E11-4567-A079-FDA6D1F3CD0C}.Debug|Any CPU.ActiveCfg = Debug|Any CPU
		{E01941FF-1E11-4567-A079-FDA6D1F3CD0C}.Debug|Any CPU.Build.0 = Debug|Any CPU
		{E01941FF-1E11-4567-A079-FDA6D1F3CD0C}.Debug|iPhone.ActiveCfg = Debug|Any CPU
		{E01941FF-1E11-4567-A079-FDA6D1F3CD0C}.Debug|iPhone.Build.0 = Debug|Any CPU
		{E01941FF-1E11-4567-A079-FDA6D1F3CD0C}.Debug|iPhoneSimulator.ActiveCfg = Debug|Any CPU
		{E01941FF-1E11-4567-A079-FDA6D1F3CD0C}.Debug|iPhoneSimulator.Build.0 = Debug|Any CPU
		{E01941FF-1E11-4567-A079-FDA6D1F3CD0C}.Debug|x86.ActiveCfg = Debug|Any CPU
		{E01941FF-1E11-4567-A079-FDA6D1F3CD0C}.Debug|x86.Build.0 = Debug|Any CPU
		{E01941FF-1E11-4567-A079-FDA6D1F3CD0C}.Mobile|Any CPU.ActiveCfg = Debug|Any CPU
		{E01941FF-1E11-4567-A079-FDA6D1F3CD0C}.Mobile|Any CPU.Build.0 = Debug|Any CPU
		{E01941FF-1E11-4567-A079-FDA6D1F3CD0C}.Mobile|iPhone.ActiveCfg = Debug|Any CPU
		{E01941FF-1E11-4567-A079-FDA6D1F3CD0C}.Mobile|iPhone.Build.0 = Debug|Any CPU
		{E01941FF-1E11-4567-A079-FDA6D1F3CD0C}.Mobile|iPhoneSimulator.ActiveCfg = Debug|Any CPU
		{E01941FF-1E11-4567-A079-FDA6D1F3CD0C}.Mobile|iPhoneSimulator.Build.0 = Debug|Any CPU
		{E01941FF-1E11-4567-A079-FDA6D1F3CD0C}.Mobile|x86.ActiveCfg = Debug|Any CPU
		{E01941FF-1E11-4567-A079-FDA6D1F3CD0C}.Mobile|x86.Build.0 = Debug|Any CPU
		{E01941FF-1E11-4567-A079-FDA6D1F3CD0C}.Release|Any CPU.ActiveCfg = Release|Any CPU
		{E01941FF-1E11-4567-A079-FDA6D1F3CD0C}.Release|Any CPU.Build.0 = Release|Any CPU
		{E01941FF-1E11-4567-A079-FDA6D1F3CD0C}.Release|iPhone.ActiveCfg = Release|Any CPU
		{E01941FF-1E11-4567-A079-FDA6D1F3CD0C}.Release|iPhone.Build.0 = Release|Any CPU
		{E01941FF-1E11-4567-A079-FDA6D1F3CD0C}.Release|iPhoneSimulator.ActiveCfg = Release|Any CPU
		{E01941FF-1E11-4567-A079-FDA6D1F3CD0C}.Release|iPhoneSimulator.Build.0 = Release|Any CPU
		{E01941FF-1E11-4567-A079-FDA6D1F3CD0C}.Release|x86.ActiveCfg = Release|Any CPU
		{E01941FF-1E11-4567-A079-FDA6D1F3CD0C}.Release|x86.Build.0 = Release|Any CPU
		{E01941FF-1E11-4567-A079-FDA6D1F3CD0C}.Test|Any CPU.ActiveCfg = Test|Any CPU
		{E01941FF-1E11-4567-A079-FDA6D1F3CD0C}.Test|Any CPU.Build.0 = Test|Any CPU
		{E01941FF-1E11-4567-A079-FDA6D1F3CD0C}.Test|iPhone.ActiveCfg = Test|Any CPU
		{E01941FF-1E11-4567-A079-FDA6D1F3CD0C}.Test|iPhone.Build.0 = Test|Any CPU
		{E01941FF-1E11-4567-A079-FDA6D1F3CD0C}.Test|iPhoneSimulator.ActiveCfg = Test|Any CPU
		{E01941FF-1E11-4567-A079-FDA6D1F3CD0C}.Test|iPhoneSimulator.Build.0 = Test|Any CPU
		{E01941FF-1E11-4567-A079-FDA6D1F3CD0C}.Test|x86.ActiveCfg = Test|Any CPU
		{E01941FF-1E11-4567-A079-FDA6D1F3CD0C}.Test|x86.Build.0 = Test|Any CPU
	EndGlobalSection
	GlobalSection(SolutionProperties) = preSolution
		HideSolutionNode = FALSE
	EndGlobalSection
	GlobalSection(NestedProjects) = preSolution
		{A4294E4F-9309-4A00-AF1D-FBB42911AF4A} = {79D77982-B55E-46B5-AD4C-6319FF4AA7E4}
		{6794167A-6625-4BE8-90CF-2473B698ADEA} = {D69F1E63-165F-49D0-BF42-36787AB3CB8E}
		{9B4123F4-71F2-4282-B495-17A0964102E7} = {06022A00-A71A-484A-B922-AA2ED9F4FA32}
		{E725F7FD-732E-47AA-889E-DF9067790C9E} = {23D6B314-E038-409F-A379-3B2921201676}
		{B14C5447-82F6-4469-A3BD-A4AF459D9D8D} = {79D77982-B55E-46B5-AD4C-6319FF4AA7E4}
		{B5BE9BAE-F1EB-4F71-9048-297D61A21DA6} = {EB360433-4585-4F45-A251-CF3D433BEBF7}
		{70699B8B-687E-4FE9-9DAF-F624B375B8CC} = {EB360433-4585-4F45-A251-CF3D433BEBF7}
		{B8047269-0DAA-4480-91DC-AE368A78BED2} = {23D6B314-E038-409F-A379-3B2921201676}
		{D84A4224-7219-4A66-9EF0-DFB39EDD99B9} = {23D6B314-E038-409F-A379-3B2921201676}
		{E01941FF-1E11-4567-A079-FDA6D1F3CD0C} = {EB360433-4585-4F45-A251-CF3D433BEBF7}
	EndGlobalSection
	GlobalSection(ExtensibilityGlobals) = postSolution
		SolutionGuid = {2A7CE37A-ABCD-445E-A048-3C05663FDB2D}
	EndGlobalSection
EndGlobal
