
Microsoft Visual Studio Solution File, Format Version 12.00
# Visual Studio Version 16
VisualStudioVersion = 16.0.30523.141
MinimumVisualStudioVersion = 10.0.40219.1
Project("{9A19103F-16F7-4668-BE54-9A1E7A4F7556}") = "PrekenWeb.WebApi", "PrekenWeb.WebApi\PrekenWeb.WebApi.csproj", "{91E1FE14-D1EA-4984-85EB-8DAB5AF7BC6E}"
EndProject
Global
	GlobalSection(SolutionConfigurationPlatforms) = preSolution
		Debug|Any CPU = Debug|Any CPU
		Release|Any CPU = Release|Any CPU
	EndGlobalSection
	GlobalSection(ProjectConfigurationPlatforms) = postSolution
		{91E1FE14-D1EA-4984-85EB-8DAB5AF7BC6E}.Debug|Any CPU.ActiveCfg = Debug|Any CPU
		{91E1FE14-D1EA-4984-85EB-8DAB5AF7BC6E}.Debug|Any CPU.Build.0 = Debug|Any CPU
		{91E1FE14-D1EA-4984-85EB-8DAB5AF7BC6E}.Release|Any CPU.ActiveCfg = Release|Any CPU
		{91E1FE14-D1EA-4984-85EB-8DAB5AF7BC6E}.Release|Any CPU.Build.0 = Release|Any CPU
	EndGlobalSection
	GlobalSection(SolutionProperties) = preSolution
		HideSolutionNode = FALSE
	EndGlobalSection
	GlobalSection(ExtensibilityGlobals) = postSolution
		SolutionGuid = {CAF81463-6CBB-44F3-8148-9596E5ABD543}
	EndGlobalSection
EndGlobal
